
Microsoft Visual Studio Solution File, Format Version 12.00
# Visual Studio Version 17
VisualStudioVersion = 17.13.35919.96 d17.13
MinimumVisualStudioVersion = 10.0.40219.1
Project("{FAE04EC0-301F-11D3-BF4B-00C04F79EFBC}") = "Registria3", "Registria3.csproj", "{AB76FE7C-3C19-4089-A281-AFDDB92FEFA1}"
EndProject
Global
	GlobalSection(SolutionConfigurationPlatforms) = preSolution
		Debug|Any CPU = Debug|Any CPU
		Release|Any CPU = Release|Any CPU
	EndGlobalSection
	GlobalSection(ProjectConfigurationPlatforms) = postSolution
		{AB76FE7C-3C19-4089-A281-AFDDB92FEFA1}.Debug|Any CPU.ActiveCfg = Debug|Any CPU
		{AB76FE7C-3C19-4089-A281-AFDDB92FEFA1}.Debug|Any CPU.Build.0 = Debug|Any CPU
		{AB76FE7C-3C19-4089-A281-AFDDB92FEFA1}.Release|Any CPU.ActiveCfg = Release|Any CPU
		{AB76FE7C-3C19-4089-A281-AFDDB92FEFA1}.Release|Any CPU.Build.0 = Release|Any CPU
	EndGlobalSection
	GlobalSection(SolutionProperties) = preSolution
		HideSolutionNode = FALSE
	EndGlobalSection
	GlobalSection(ExtensibilityGlobals) = postSolution
		SolutionGuid = {CF83F7F5-40AE-42A6-96B0-74C12B45B7E9}
	EndGlobalSection
EndGlobal
